// !$*UTF8*$!
{
	archiveVersion = 1;
	classes = {
	};
	objectVersion = 51;
	objects = {

/* Begin PBXBuildFile section */
		61277BD326C2FBBF005203F2 /* FormFieldCell.swift in Sources */ = {isa = PBXBuildFile; fileRef = 61277BD226C2FBBF005203F2 /* FormFieldCell.swift */; };
		61277BD826C333DB005203F2 /* SignUpViewController.swift in Sources */ = {isa = PBXBuildFile; fileRef = 61277BD726C333DB005203F2 /* SignUpViewController.swift */; };
		61277BDA26C333E8005203F2 /* SignUpView.swift in Sources */ = {isa = PBXBuildFile; fileRef = 61277BD926C333E8005203F2 /* SignUpView.swift */; };
		61277BDD26C33D49005203F2 /* UIViewController+spinner.swift in Sources */ = {isa = PBXBuildFile; fileRef = 61277BDC26C33D49005203F2 /* UIViewController+spinner.swift */; };
		61277BE626C3750C005203F2 /* ClientListViewController.swift in Sources */ = {isa = PBXBuildFile; fileRef = 61277BE526C3750C005203F2 /* ClientListViewController.swift */; };
		61277BE826C377F1005203F2 /* ClientListView.swift in Sources */ = {isa = PBXBuildFile; fileRef = 61277BE726C377F1005203F2 /* ClientListView.swift */; };
		61277BEA26C3787A005203F2 /* ClientCell.swift in Sources */ = {isa = PBXBuildFile; fileRef = 61277BE926C3787A005203F2 /* ClientCell.swift */; };
		61277BEC26C37F38005203F2 /* Dictionary+subscript.swift in Sources */ = {isa = PBXBuildFile; fileRef = 61277BEB26C37F38005203F2 /* Dictionary+subscript.swift */; };
		61277BEE26C37F6D005203F2 /* ClientListMappable.swift in Sources */ = {isa = PBXBuildFile; fileRef = 61277BED26C37F6D005203F2 /* ClientListMappable.swift */; };
		61277BF026C37FB1005203F2 /* SignUp.swift in Sources */ = {isa = PBXBuildFile; fileRef = 61277BEF26C37FB1005203F2 /* SignUp.swift */; };
		61277BF226C37FE4005203F2 /* Client.swift in Sources */ = {isa = PBXBuildFile; fileRef = 61277BF126C37FE4005203F2 /* Client.swift */; };
		61277BF426C38005005203F2 /* NewClient.swift in Sources */ = {isa = PBXBuildFile; fileRef = 61277BF326C38005005203F2 /* NewClient.swift */; };
		61277BF626C38027005203F2 /* FieldModel.swift in Sources */ = {isa = PBXBuildFile; fileRef = 61277BF526C38027005203F2 /* FieldModel.swift */; };
		61277BF826C3803E005203F2 /* FormDelegate.swift in Sources */ = {isa = PBXBuildFile; fileRef = 61277BF726C3803E005203F2 /* FormDelegate.swift */; };
		61277BFA26C38051005203F2 /* SignUpDelegate.swift in Sources */ = {isa = PBXBuildFile; fileRef = 61277BF926C38051005203F2 /* SignUpDelegate.swift */; };
		61277BFD26C380D1005203F2 /* CRTextField.swift in Sources */ = {isa = PBXBuildFile; fileRef = 61277BFC26C380D1005203F2 /* CRTextField.swift */; };
		61277BFF26C38155005203F2 /* UIView+applyShadow.swift in Sources */ = {isa = PBXBuildFile; fileRef = 61277BFE26C38155005203F2 /* UIView+applyShadow.swift */; };
		61277C0126C381C3005203F2 /* Colors.swift in Sources */ = {isa = PBXBuildFile; fileRef = 61277C0026C381C3005203F2 /* Colors.swift */; };
		61277C0426C381F9005203F2 /* UIColor+hex.swift in Sources */ = {isa = PBXBuildFile; fileRef = 61277C0326C381F9005203F2 /* UIColor+hex.swift */; };
		61277C0626C382C1005203F2 /* CRButton.swift in Sources */ = {isa = PBXBuildFile; fileRef = 61277C0526C382C1005203F2 /* CRButton.swift */; };
		61277C0826C38793005203F2 /* UIView+shake.swift in Sources */ = {isa = PBXBuildFile; fileRef = 61277C0726C38793005203F2 /* UIView+shake.swift */; };
		614C633526BB4595009BD20D /* AppDelegate.swift in Sources */ = {isa = PBXBuildFile; fileRef = 614C633426BB4595009BD20D /* AppDelegate.swift */; };
		614C633726BB4595009BD20D /* SceneDelegate.swift in Sources */ = {isa = PBXBuildFile; fileRef = 614C633626BB4595009BD20D /* SceneDelegate.swift */; };
		614C633926BB4595009BD20D /* ViewController.swift in Sources */ = {isa = PBXBuildFile; fileRef = 614C633826BB4595009BD20D /* ViewController.swift */; };
		614C633E26BB4596009BD20D /* Assets.xcassets in Resources */ = {isa = PBXBuildFile; fileRef = 614C633D26BB4596009BD20D /* Assets.xcassets */; };
		614C634126BB4596009BD20D /* LaunchScreen.storyboard in Resources */ = {isa = PBXBuildFile; fileRef = 614C633F26BB4596009BD20D /* LaunchScreen.storyboard */; };
		614C634C26BB4596009BD20D /* client_register_iosTests.swift in Sources */ = {isa = PBXBuildFile; fileRef = 614C634B26BB4596009BD20D /* client_register_iosTests.swift */; };
		614C635726BB4596009BD20D /* client_register_iosUITests.swift in Sources */ = {isa = PBXBuildFile; fileRef = 614C635626BB4596009BD20D /* client_register_iosUITests.swift */; };
		614C636B26BB6E0D009BD20D /* LoginViewController.swift in Sources */ = {isa = PBXBuildFile; fileRef = 614C636A26BB6E0D009BD20D /* LoginViewController.swift */; };
		614C636D26BB6EF0009BD20D /* LoginView.swift in Sources */ = {isa = PBXBuildFile; fileRef = 614C636C26BB6EF0009BD20D /* LoginView.swift */; };
		614C638D26BB77C5009BD20D /* ProgramaticalLayoutable.swift in Sources */ = {isa = PBXBuildFile; fileRef = 614C638C26BB77C5009BD20D /* ProgramaticalLayoutable.swift */; };
		614C639026BB78B5009BD20D /* Navigatable.swift in Sources */ = {isa = PBXBuildFile; fileRef = 614C638F26BB78B5009BD20D /* Navigatable.swift */; };
		614C639326BB795D009BD20D /* FormViewController.swift in Sources */ = {isa = PBXBuildFile; fileRef = 614C639226BB795D009BD20D /* FormViewController.swift */; };
		614C639526BB796C009BD20D /* FormView.swift in Sources */ = {isa = PBXBuildFile; fileRef = 614C639426BB796C009BD20D /* FormView.swift */; };
		614C639726BB8CC6009BD20D /* LoginActionable.swift in Sources */ = {isa = PBXBuildFile; fileRef = 614C639626BB8CC6009BD20D /* LoginActionable.swift */; };
		618CEDA726BEF2E600C31AE6 /* GoogleService-Info.plist in Resources */ = {isa = PBXBuildFile; fileRef = 618CEDA626BEF2E600C31AE6 /* GoogleService-Info.plist */; };
		C253D7E6EEABC3EAFA07A162 /* Pods_client_register_ios.framework in Frameworks */ = {isa = PBXBuildFile; fileRef = B37A491299D69A57B3C75546 /* Pods_client_register_ios.framework */; };
		C6CD79D2BDEC15E0A5EAF43D /* Pods_client_register_iosTests.framework in Frameworks */ = {isa = PBXBuildFile; fileRef = 0D4488B6EA2C3A00ABFCB58E /* Pods_client_register_iosTests.framework */; };
		CB9CB62CBCE8DC87780E85FF /* Pods_client_register_ios_client_register_iosUITests.framework in Frameworks */ = {isa = PBXBuildFile; fileRef = CA05143ECAF3EF09937C8F80 /* Pods_client_register_ios_client_register_iosUITests.framework */; };
/* End PBXBuildFile section */

/* Begin PBXContainerItemProxy section */
		614C634826BB4596009BD20D /* PBXContainerItemProxy */ = {
			isa = PBXContainerItemProxy;
			containerPortal = 614C632926BB4595009BD20D /* Project object */;
			proxyType = 1;
			remoteGlobalIDString = 614C633026BB4595009BD20D;
			remoteInfo = "client-register-ios";
		};
		614C635326BB4596009BD20D /* PBXContainerItemProxy */ = {
			isa = PBXContainerItemProxy;
			containerPortal = 614C632926BB4595009BD20D /* Project object */;
			proxyType = 1;
			remoteGlobalIDString = 614C633026BB4595009BD20D;
			remoteInfo = "client-register-ios";
		};
/* End PBXContainerItemProxy section */

/* Begin PBXFileReference section */
		0D4488B6EA2C3A00ABFCB58E /* Pods_client_register_iosTests.framework */ = {isa = PBXFileReference; explicitFileType = wrapper.framework; includeInIndex = 0; path = Pods_client_register_iosTests.framework; sourceTree = BUILT_PRODUCTS_DIR; };
		0E2C7E0C0FD8E9B76BB1C9CF /* Pods-client-register-ios.debug.xcconfig */ = {isa = PBXFileReference; includeInIndex = 1; lastKnownFileType = text.xcconfig; name = "Pods-client-register-ios.debug.xcconfig"; path = "Target Support Files/Pods-client-register-ios/Pods-client-register-ios.debug.xcconfig"; sourceTree = "<group>"; };
		22F4CD1888E9020E9F57198A /* Pods-client-register-iosTests.release.xcconfig */ = {isa = PBXFileReference; includeInIndex = 1; lastKnownFileType = text.xcconfig; name = "Pods-client-register-iosTests.release.xcconfig"; path = "Target Support Files/Pods-client-register-iosTests/Pods-client-register-iosTests.release.xcconfig"; sourceTree = "<group>"; };
		491125AA3A5F20B8F588B125 /* Pods-client-register-ios-client-register-iosUITests.debug.xcconfig */ = {isa = PBXFileReference; includeInIndex = 1; lastKnownFileType = text.xcconfig; name = "Pods-client-register-ios-client-register-iosUITests.debug.xcconfig"; path = "Target Support Files/Pods-client-register-ios-client-register-iosUITests/Pods-client-register-ios-client-register-iosUITests.debug.xcconfig"; sourceTree = "<group>"; };
		589F674930EB16832796017A /* Pods-client-register-ios-client-register-iosUITests.release.xcconfig */ = {isa = PBXFileReference; includeInIndex = 1; lastKnownFileType = text.xcconfig; name = "Pods-client-register-ios-client-register-iosUITests.release.xcconfig"; path = "Target Support Files/Pods-client-register-ios-client-register-iosUITests/Pods-client-register-ios-client-register-iosUITests.release.xcconfig"; sourceTree = "<group>"; };
		61277BD226C2FBBF005203F2 /* FormFieldCell.swift */ = {isa = PBXFileReference; lastKnownFileType = sourcecode.swift; path = FormFieldCell.swift; sourceTree = "<group>"; };
		61277BD726C333DB005203F2 /* SignUpViewController.swift */ = {isa = PBXFileReference; lastKnownFileType = sourcecode.swift; path = SignUpViewController.swift; sourceTree = "<group>"; };
		61277BD926C333E8005203F2 /* SignUpView.swift */ = {isa = PBXFileReference; lastKnownFileType = sourcecode.swift; path = SignUpView.swift; sourceTree = "<group>"; };
		61277BDC26C33D49005203F2 /* UIViewController+spinner.swift */ = {isa = PBXFileReference; lastKnownFileType = sourcecode.swift; path = "UIViewController+spinner.swift"; sourceTree = "<group>"; };
		61277BE526C3750C005203F2 /* ClientListViewController.swift */ = {isa = PBXFileReference; lastKnownFileType = sourcecode.swift; path = ClientListViewController.swift; sourceTree = "<group>"; };
		61277BE726C377F1005203F2 /* ClientListView.swift */ = {isa = PBXFileReference; lastKnownFileType = sourcecode.swift; path = ClientListView.swift; sourceTree = "<group>"; };
		61277BE926C3787A005203F2 /* ClientCell.swift */ = {isa = PBXFileReference; lastKnownFileType = sourcecode.swift; path = ClientCell.swift; sourceTree = "<group>"; };
		61277BEB26C37F38005203F2 /* Dictionary+subscript.swift */ = {isa = PBXFileReference; lastKnownFileType = sourcecode.swift; path = "Dictionary+subscript.swift"; sourceTree = "<group>"; };
		61277BED26C37F6D005203F2 /* ClientListMappable.swift */ = {isa = PBXFileReference; lastKnownFileType = sourcecode.swift; path = ClientListMappable.swift; sourceTree = "<group>"; };
		61277BEF26C37FB1005203F2 /* SignUp.swift */ = {isa = PBXFileReference; lastKnownFileType = sourcecode.swift; path = SignUp.swift; sourceTree = "<group>"; };
		61277BF126C37FE4005203F2 /* Client.swift */ = {isa = PBXFileReference; lastKnownFileType = sourcecode.swift; path = Client.swift; sourceTree = "<group>"; };
		61277BF326C38005005203F2 /* NewClient.swift */ = {isa = PBXFileReference; lastKnownFileType = sourcecode.swift; path = NewClient.swift; sourceTree = "<group>"; };
		61277BF526C38027005203F2 /* FieldModel.swift */ = {isa = PBXFileReference; lastKnownFileType = sourcecode.swift; path = FieldModel.swift; sourceTree = "<group>"; };
		61277BF726C3803E005203F2 /* FormDelegate.swift */ = {isa = PBXFileReference; lastKnownFileType = sourcecode.swift; path = FormDelegate.swift; sourceTree = "<group>"; };
		61277BF926C38051005203F2 /* SignUpDelegate.swift */ = {isa = PBXFileReference; lastKnownFileType = sourcecode.swift; path = SignUpDelegate.swift; sourceTree = "<group>"; };
		61277BFC26C380D1005203F2 /* CRTextField.swift */ = {isa = PBXFileReference; lastKnownFileType = sourcecode.swift; path = CRTextField.swift; sourceTree = "<group>"; };
		61277BFE26C38155005203F2 /* UIView+applyShadow.swift */ = {isa = PBXFileReference; lastKnownFileType = sourcecode.swift; path = "UIView+applyShadow.swift"; sourceTree = "<group>"; };
		61277C0026C381C3005203F2 /* Colors.swift */ = {isa = PBXFileReference; lastKnownFileType = sourcecode.swift; path = Colors.swift; sourceTree = "<group>"; };
		61277C0326C381F9005203F2 /* UIColor+hex.swift */ = {isa = PBXFileReference; lastKnownFileType = sourcecode.swift; path = "UIColor+hex.swift"; sourceTree = "<group>"; };
		61277C0526C382C1005203F2 /* CRButton.swift */ = {isa = PBXFileReference; lastKnownFileType = sourcecode.swift; path = CRButton.swift; sourceTree = "<group>"; };
		61277C0726C38793005203F2 /* UIView+shake.swift */ = {isa = PBXFileReference; lastKnownFileType = sourcecode.swift; path = "UIView+shake.swift"; sourceTree = "<group>"; };
		614C633126BB4595009BD20D /* client-register-ios.app */ = {isa = PBXFileReference; explicitFileType = wrapper.application; includeInIndex = 0; path = "client-register-ios.app"; sourceTree = BUILT_PRODUCTS_DIR; };
		614C633426BB4595009BD20D /* AppDelegate.swift */ = {isa = PBXFileReference; lastKnownFileType = sourcecode.swift; path = AppDelegate.swift; sourceTree = "<group>"; };
		614C633626BB4595009BD20D /* SceneDelegate.swift */ = {isa = PBXFileReference; lastKnownFileType = sourcecode.swift; path = SceneDelegate.swift; sourceTree = "<group>"; };
		614C633826BB4595009BD20D /* ViewController.swift */ = {isa = PBXFileReference; lastKnownFileType = sourcecode.swift; path = ViewController.swift; sourceTree = "<group>"; };
		614C633D26BB4596009BD20D /* Assets.xcassets */ = {isa = PBXFileReference; lastKnownFileType = folder.assetcatalog; path = Assets.xcassets; sourceTree = "<group>"; };
		614C634026BB4596009BD20D /* Base */ = {isa = PBXFileReference; lastKnownFileType = file.storyboard; name = Base; path = Base.lproj/LaunchScreen.storyboard; sourceTree = "<group>"; };
		614C634226BB4596009BD20D /* Info.plist */ = {isa = PBXFileReference; lastKnownFileType = text.plist.xml; path = Info.plist; sourceTree = "<group>"; };
		614C634726BB4596009BD20D /* client-register-iosTests.xctest */ = {isa = PBXFileReference; explicitFileType = wrapper.cfbundle; includeInIndex = 0; path = "client-register-iosTests.xctest"; sourceTree = BUILT_PRODUCTS_DIR; };
		614C634B26BB4596009BD20D /* client_register_iosTests.swift */ = {isa = PBXFileReference; lastKnownFileType = sourcecode.swift; path = client_register_iosTests.swift; sourceTree = "<group>"; };
		614C634D26BB4596009BD20D /* Info.plist */ = {isa = PBXFileReference; lastKnownFileType = text.plist.xml; path = Info.plist; sourceTree = "<group>"; };
		614C635226BB4596009BD20D /* client-register-iosUITests.xctest */ = {isa = PBXFileReference; explicitFileType = wrapper.cfbundle; includeInIndex = 0; path = "client-register-iosUITests.xctest"; sourceTree = BUILT_PRODUCTS_DIR; };
		614C635626BB4596009BD20D /* client_register_iosUITests.swift */ = {isa = PBXFileReference; lastKnownFileType = sourcecode.swift; path = client_register_iosUITests.swift; sourceTree = "<group>"; };
		614C635826BB4596009BD20D /* Info.plist */ = {isa = PBXFileReference; lastKnownFileType = text.plist.xml; path = Info.plist; sourceTree = "<group>"; };
		614C636A26BB6E0D009BD20D /* LoginViewController.swift */ = {isa = PBXFileReference; lastKnownFileType = sourcecode.swift; path = LoginViewController.swift; sourceTree = "<group>"; };
		614C636C26BB6EF0009BD20D /* LoginView.swift */ = {isa = PBXFileReference; lastKnownFileType = sourcecode.swift; path = LoginView.swift; sourceTree = "<group>"; };
		614C638C26BB77C5009BD20D /* ProgramaticalLayoutable.swift */ = {isa = PBXFileReference; lastKnownFileType = sourcecode.swift; path = ProgramaticalLayoutable.swift; sourceTree = "<group>"; };
		614C638F26BB78B5009BD20D /* Navigatable.swift */ = {isa = PBXFileReference; lastKnownFileType = sourcecode.swift; path = Navigatable.swift; sourceTree = "<group>"; };
		614C639226BB795D009BD20D /* FormViewController.swift */ = {isa = PBXFileReference; lastKnownFileType = sourcecode.swift; path = FormViewController.swift; sourceTree = "<group>"; };
		614C639426BB796C009BD20D /* FormView.swift */ = {isa = PBXFileReference; lastKnownFileType = sourcecode.swift; path = FormView.swift; sourceTree = "<group>"; };
		614C639626BB8CC6009BD20D /* LoginActionable.swift */ = {isa = PBXFileReference; lastKnownFileType = sourcecode.swift; path = LoginActionable.swift; sourceTree = "<group>"; };
		618CEDA626BEF2E600C31AE6 /* GoogleService-Info.plist */ = {isa = PBXFileReference; fileEncoding = 4; lastKnownFileType = text.plist.xml; name = "GoogleService-Info.plist"; path = "../../../../Downloads/GoogleService-Info.plist"; sourceTree = "<group>"; };
		908A9E0AD7C571C956068D34 /* Pods-client-register-iosTests.debug.xcconfig */ = {isa = PBXFileReference; includeInIndex = 1; lastKnownFileType = text.xcconfig; name = "Pods-client-register-iosTests.debug.xcconfig"; path = "Target Support Files/Pods-client-register-iosTests/Pods-client-register-iosTests.debug.xcconfig"; sourceTree = "<group>"; };
		B37A491299D69A57B3C75546 /* Pods_client_register_ios.framework */ = {isa = PBXFileReference; explicitFileType = wrapper.framework; includeInIndex = 0; path = Pods_client_register_ios.framework; sourceTree = BUILT_PRODUCTS_DIR; };
		CA05143ECAF3EF09937C8F80 /* Pods_client_register_ios_client_register_iosUITests.framework */ = {isa = PBXFileReference; explicitFileType = wrapper.framework; includeInIndex = 0; path = Pods_client_register_ios_client_register_iosUITests.framework; sourceTree = BUILT_PRODUCTS_DIR; };
		F7A6EE2E75E1BFD2DD174FE8 /* Pods-client-register-ios.release.xcconfig */ = {isa = PBXFileReference; includeInIndex = 1; lastKnownFileType = text.xcconfig; name = "Pods-client-register-ios.release.xcconfig"; path = "Target Support Files/Pods-client-register-ios/Pods-client-register-ios.release.xcconfig"; sourceTree = "<group>"; };
/* End PBXFileReference section */

/* Begin PBXFrameworksBuildPhase section */
		614C632E26BB4595009BD20D /* Frameworks */ = {
			isa = PBXFrameworksBuildPhase;
			buildActionMask = 2147483647;
			files = (
				C253D7E6EEABC3EAFA07A162 /* Pods_client_register_ios.framework in Frameworks */,
			);
			runOnlyForDeploymentPostprocessing = 0;
		};
		614C634426BB4596009BD20D /* Frameworks */ = {
			isa = PBXFrameworksBuildPhase;
			buildActionMask = 2147483647;
			files = (
				C6CD79D2BDEC15E0A5EAF43D /* Pods_client_register_iosTests.framework in Frameworks */,
			);
			runOnlyForDeploymentPostprocessing = 0;
		};
		614C634F26BB4596009BD20D /* Frameworks */ = {
			isa = PBXFrameworksBuildPhase;
			buildActionMask = 2147483647;
			files = (
				CB9CB62CBCE8DC87780E85FF /* Pods_client_register_ios_client_register_iosUITests.framework in Frameworks */,
			);
			runOnlyForDeploymentPostprocessing = 0;
		};
/* End PBXFrameworksBuildPhase section */

/* Begin PBXGroup section */
		61277BD526C333AF005203F2 /* SignUp */ = {
			isa = PBXGroup;
			children = (
				61277BD726C333DB005203F2 /* SignUpViewController.swift */,
				61277BD926C333E8005203F2 /* SignUpView.swift */,
				61277BF926C38051005203F2 /* SignUpDelegate.swift */,
			);
			path = SignUp;
			sourceTree = "<group>";
		};
		61277BDB26C33D36005203F2 /* Extensions */ = {
			isa = PBXGroup;
			children = (
				61277BDC26C33D49005203F2 /* UIViewController+spinner.swift */,
				61277BEB26C37F38005203F2 /* Dictionary+subscript.swift */,
				61277BFE26C38155005203F2 /* UIView+applyShadow.swift */,
				61277C0026C381C3005203F2 /* Colors.swift */,
				61277C0326C381F9005203F2 /* UIColor+hex.swift */,
				61277C0726C38793005203F2 /* UIView+shake.swift */,
			);
			path = Extensions;
			sourceTree = "<group>";
		};
		61277BE426C374FF005203F2 /* ClientList */ = {
			isa = PBXGroup;
			children = (
				61277BE526C3750C005203F2 /* ClientListViewController.swift */,
				61277BE726C377F1005203F2 /* ClientListView.swift */,
				61277BE926C3787A005203F2 /* ClientCell.swift */,
			);
			path = ClientList;
			sourceTree = "<group>";
		};
		61277BFB26C380B9005203F2 /* CommonViews */ = {
			isa = PBXGroup;
			children = (
				61277BFC26C380D1005203F2 /* CRTextField.swift */,
				61277C0526C382C1005203F2 /* CRButton.swift */,
			);
			path = CommonViews;
			sourceTree = "<group>";
		};
		614C632826BB4595009BD20D = {
			isa = PBXGroup;
			children = (
				614C633326BB4595009BD20D /* client-register-ios */,
				614C634A26BB4596009BD20D /* client-register-iosTests */,
				614C635526BB4596009BD20D /* client-register-iosUITests */,
				614C633226BB4595009BD20D /* Products */,
				8F5B7A86F3041058F9097134 /* Pods */,
				A6D7836C3874AD04ECB9EC2D /* Frameworks */,
			);
			sourceTree = "<group>";
		};
		614C633226BB4595009BD20D /* Products */ = {
			isa = PBXGroup;
			children = (
				614C633126BB4595009BD20D /* client-register-ios.app */,
				614C634726BB4596009BD20D /* client-register-iosTests.xctest */,
				614C635226BB4596009BD20D /* client-register-iosUITests.xctest */,
			);
			name = Products;
			sourceTree = "<group>";
		};
		614C633326BB4595009BD20D /* client-register-ios */ = {
			isa = PBXGroup;
			children = (
				61277BFB26C380B9005203F2 /* CommonViews */,
				61277BDB26C33D36005203F2 /* Extensions */,
				618CEDA626BEF2E600C31AE6 /* GoogleService-Info.plist */,
				614C638E26BB7899009BD20D /* UseCases */,
				614C638B26BB77B4009BD20D /* Protocols */,
				614C636826BB6DFC009BD20D /* Scenes */,
				614C633426BB4595009BD20D /* AppDelegate.swift */,
				614C633626BB4595009BD20D /* SceneDelegate.swift */,
				614C633826BB4595009BD20D /* ViewController.swift */,
				614C633D26BB4596009BD20D /* Assets.xcassets */,
				614C633F26BB4596009BD20D /* LaunchScreen.storyboard */,
				614C634226BB4596009BD20D /* Info.plist */,
			);
			path = "client-register-ios";
			sourceTree = "<group>";
		};
		614C634A26BB4596009BD20D /* client-register-iosTests */ = {
			isa = PBXGroup;
			children = (
				614C634B26BB4596009BD20D /* client_register_iosTests.swift */,
				614C634D26BB4596009BD20D /* Info.plist */,
			);
			path = "client-register-iosTests";
			sourceTree = "<group>";
		};
		614C635526BB4596009BD20D /* client-register-iosUITests */ = {
			isa = PBXGroup;
			children = (
				614C635626BB4596009BD20D /* client_register_iosUITests.swift */,
				614C635826BB4596009BD20D /* Info.plist */,
			);
			path = "client-register-iosUITests";
			sourceTree = "<group>";
		};
		614C636826BB6DFC009BD20D /* Scenes */ = {
			isa = PBXGroup;
			children = (
				61277BE426C374FF005203F2 /* ClientList */,
				61277BD526C333AF005203F2 /* SignUp */,
				614C639126BB7950009BD20D /* Form */,
				614C636926BB6E01009BD20D /* Login */,
				61277BF126C37FE4005203F2 /* Client.swift */,
			);
			path = Scenes;
			sourceTree = "<group>";
		};
		614C636926BB6E01009BD20D /* Login */ = {
			isa = PBXGroup;
			children = (
				614C636A26BB6E0D009BD20D /* LoginViewController.swift */,
				614C636C26BB6EF0009BD20D /* LoginView.swift */,
			);
			path = Login;
			sourceTree = "<group>";
		};
		614C638B26BB77B4009BD20D /* Protocols */ = {
			isa = PBXGroup;
			children = (
				614C638C26BB77C5009BD20D /* ProgramaticalLayoutable.swift */,
				61277BED26C37F6D005203F2 /* ClientListMappable.swift */,
			);
			path = Protocols;
			sourceTree = "<group>";
		};
		614C638E26BB7899009BD20D /* UseCases */ = {
			isa = PBXGroup;
			children = (
				614C638F26BB78B5009BD20D /* Navigatable.swift */,
				614C639626BB8CC6009BD20D /* LoginActionable.swift */,
				61277BEF26C37FB1005203F2 /* SignUp.swift */,
				61277BF326C38005005203F2 /* NewClient.swift */,
			);
			path = UseCases;
			sourceTree = "<group>";
		};
		614C639126BB7950009BD20D /* Form */ = {
			isa = PBXGroup;
			children = (
				614C639226BB795D009BD20D /* FormViewController.swift */,
				614C639426BB796C009BD20D /* FormView.swift */,
				61277BD226C2FBBF005203F2 /* FormFieldCell.swift */,
				61277BF526C38027005203F2 /* FieldModel.swift */,
				61277BF726C3803E005203F2 /* FormDelegate.swift */,
			);
			path = Form;
			sourceTree = "<group>";
		};
		8F5B7A86F3041058F9097134 /* Pods */ = {
			isa = PBXGroup;
			children = (
				0E2C7E0C0FD8E9B76BB1C9CF /* Pods-client-register-ios.debug.xcconfig */,
				F7A6EE2E75E1BFD2DD174FE8 /* Pods-client-register-ios.release.xcconfig */,
				491125AA3A5F20B8F588B125 /* Pods-client-register-ios-client-register-iosUITests.debug.xcconfig */,
				589F674930EB16832796017A /* Pods-client-register-ios-client-register-iosUITests.release.xcconfig */,
				908A9E0AD7C571C956068D34 /* Pods-client-register-iosTests.debug.xcconfig */,
				22F4CD1888E9020E9F57198A /* Pods-client-register-iosTests.release.xcconfig */,
			);
			path = Pods;
			sourceTree = "<group>";
		};
		A6D7836C3874AD04ECB9EC2D /* Frameworks */ = {
			isa = PBXGroup;
			children = (
				B37A491299D69A57B3C75546 /* Pods_client_register_ios.framework */,
				CA05143ECAF3EF09937C8F80 /* Pods_client_register_ios_client_register_iosUITests.framework */,
				0D4488B6EA2C3A00ABFCB58E /* Pods_client_register_iosTests.framework */,
			);
			name = Frameworks;
			sourceTree = "<group>";
		};
/* End PBXGroup section */

/* Begin PBXNativeTarget section */
		614C633026BB4595009BD20D /* client-register-ios */ = {
			isa = PBXNativeTarget;
			buildConfigurationList = 614C635B26BB4596009BD20D /* Build configuration list for PBXNativeTarget "client-register-ios" */;
			buildPhases = (
				B303868E4F3A5683A8CB3D5B /* [CP] Check Pods Manifest.lock */,
				614C632D26BB4595009BD20D /* Sources */,
				614C632E26BB4595009BD20D /* Frameworks */,
				614C632F26BB4595009BD20D /* Resources */,
				79EB61AEF48F0ED63B8100DC /* [CP] Embed Pods Frameworks */,
			);
			buildRules = (
			);
			dependencies = (
			);
			name = "client-register-ios";
			productName = "client-register-ios";
			productReference = 614C633126BB4595009BD20D /* client-register-ios.app */;
			productType = "com.apple.product-type.application";
		};
		614C634626BB4596009BD20D /* client-register-iosTests */ = {
			isa = PBXNativeTarget;
			buildConfigurationList = 614C635E26BB4596009BD20D /* Build configuration list for PBXNativeTarget "client-register-iosTests" */;
			buildPhases = (
				E57AACFD447B0BFD42D64430 /* [CP] Check Pods Manifest.lock */,
				614C634326BB4596009BD20D /* Sources */,
				614C634426BB4596009BD20D /* Frameworks */,
				614C634526BB4596009BD20D /* Resources */,
			);
			buildRules = (
			);
			dependencies = (
				614C634926BB4596009BD20D /* PBXTargetDependency */,
			);
			name = "client-register-iosTests";
			productName = "client-register-iosTests";
			productReference = 614C634726BB4596009BD20D /* client-register-iosTests.xctest */;
			productType = "com.apple.product-type.bundle.unit-test";
		};
		614C635126BB4596009BD20D /* client-register-iosUITests */ = {
			isa = PBXNativeTarget;
			buildConfigurationList = 614C636126BB4596009BD20D /* Build configuration list for PBXNativeTarget "client-register-iosUITests" */;
			buildPhases = (
				482A01F73D397E58D8B02DCD /* [CP] Check Pods Manifest.lock */,
				614C634E26BB4596009BD20D /* Sources */,
				614C634F26BB4596009BD20D /* Frameworks */,
				614C635026BB4596009BD20D /* Resources */,
				9AA078DC03FDCA854461938E /* [CP] Embed Pods Frameworks */,
			);
			buildRules = (
			);
			dependencies = (
				614C635426BB4596009BD20D /* PBXTargetDependency */,
			);
			name = "client-register-iosUITests";
			productName = "client-register-iosUITests";
			productReference = 614C635226BB4596009BD20D /* client-register-iosUITests.xctest */;
			productType = "com.apple.product-type.bundle.ui-testing";
		};
/* End PBXNativeTarget section */

/* Begin PBXProject section */
		614C632926BB4595009BD20D /* Project object */ = {
			isa = PBXProject;
			attributes = {
				LastSwiftUpdateCheck = 1250;
				LastUpgradeCheck = 1250;
				TargetAttributes = {
					614C633026BB4595009BD20D = {
						CreatedOnToolsVersion = 12.5;
					};
					614C634626BB4596009BD20D = {
						CreatedOnToolsVersion = 12.5;
						TestTargetID = 614C633026BB4595009BD20D;
					};
					614C635126BB4596009BD20D = {
						CreatedOnToolsVersion = 12.5;
						TestTargetID = 614C633026BB4595009BD20D;
					};
				};
			};
			buildConfigurationList = 614C632C26BB4595009BD20D /* Build configuration list for PBXProject "client-register-ios" */;
			compatibilityVersion = "Xcode 9.3";
			developmentRegion = en;
			hasScannedForEncodings = 0;
			knownRegions = (
				en,
				Base,
			);
			mainGroup = 614C632826BB4595009BD20D;
			productRefGroup = 614C633226BB4595009BD20D /* Products */;
			projectDirPath = "";
			projectRoot = "";
			targets = (
				614C633026BB4595009BD20D /* client-register-ios */,
				614C634626BB4596009BD20D /* client-register-iosTests */,
				614C635126BB4596009BD20D /* client-register-iosUITests */,
			);
		};
/* End PBXProject section */

/* Begin PBXResourcesBuildPhase section */
		614C632F26BB4595009BD20D /* Resources */ = {
			isa = PBXResourcesBuildPhase;
			buildActionMask = 2147483647;
			files = (
				614C634126BB4596009BD20D /* LaunchScreen.storyboard in Resources */,
				614C633E26BB4596009BD20D /* Assets.xcassets in Resources */,
				618CEDA726BEF2E600C31AE6 /* GoogleService-Info.plist in Resources */,
			);
			runOnlyForDeploymentPostprocessing = 0;
		};
		614C634526BB4596009BD20D /* Resources */ = {
			isa = PBXResourcesBuildPhase;
			buildActionMask = 2147483647;
			files = (
			);
			runOnlyForDeploymentPostprocessing = 0;
		};
		614C635026BB4596009BD20D /* Resources */ = {
			isa = PBXResourcesBuildPhase;
			buildActionMask = 2147483647;
			files = (
			);
			runOnlyForDeploymentPostprocessing = 0;
		};
/* End PBXResourcesBuildPhase section */

/* Begin PBXShellScriptBuildPhase section */
		482A01F73D397E58D8B02DCD /* [CP] Check Pods Manifest.lock */ = {
			isa = PBXShellScriptBuildPhase;
			buildActionMask = 2147483647;
			files = (
			);
			inputFileListPaths = (
			);
			inputPaths = (
				"${PODS_PODFILE_DIR_PATH}/Podfile.lock",
				"${PODS_ROOT}/Manifest.lock",
			);
			name = "[CP] Check Pods Manifest.lock";
			outputFileListPaths = (
			);
			outputPaths = (
				"$(DERIVED_FILE_DIR)/Pods-client-register-ios-client-register-iosUITests-checkManifestLockResult.txt",
			);
			runOnlyForDeploymentPostprocessing = 0;
			shellPath = /bin/sh;
			shellScript = "diff \"${PODS_PODFILE_DIR_PATH}/Podfile.lock\" \"${PODS_ROOT}/Manifest.lock\" > /dev/null\nif [ $? != 0 ] ; then\n    # print error to STDERR\n    echo \"error: The sandbox is not in sync with the Podfile.lock. Run 'pod install' or update your CocoaPods installation.\" >&2\n    exit 1\nfi\n# This output is used by Xcode 'outputs' to avoid re-running this script phase.\necho \"SUCCESS\" > \"${SCRIPT_OUTPUT_FILE_0}\"\n";
			showEnvVarsInLog = 0;
		};
		79EB61AEF48F0ED63B8100DC /* [CP] Embed Pods Frameworks */ = {
			isa = PBXShellScriptBuildPhase;
			buildActionMask = 2147483647;
			files = (
			);
			inputFileListPaths = (
				"${PODS_ROOT}/Target Support Files/Pods-client-register-ios/Pods-client-register-ios-frameworks-${CONFIGURATION}-input-files.xcfilelist",
			);
			name = "[CP] Embed Pods Frameworks";
			outputFileListPaths = (
				"${PODS_ROOT}/Target Support Files/Pods-client-register-ios/Pods-client-register-ios-frameworks-${CONFIGURATION}-output-files.xcfilelist",
			);
			runOnlyForDeploymentPostprocessing = 0;
			shellPath = /bin/sh;
			shellScript = "\"${PODS_ROOT}/Target Support Files/Pods-client-register-ios/Pods-client-register-ios-frameworks.sh\"\n";
			showEnvVarsInLog = 0;
		};
		9AA078DC03FDCA854461938E /* [CP] Embed Pods Frameworks */ = {
			isa = PBXShellScriptBuildPhase;
			buildActionMask = 2147483647;
			files = (
			);
			inputFileListPaths = (
				"${PODS_ROOT}/Target Support Files/Pods-client-register-ios-client-register-iosUITests/Pods-client-register-ios-client-register-iosUITests-frameworks-${CONFIGURATION}-input-files.xcfilelist",
			);
			name = "[CP] Embed Pods Frameworks";
			outputFileListPaths = (
				"${PODS_ROOT}/Target Support Files/Pods-client-register-ios-client-register-iosUITests/Pods-client-register-ios-client-register-iosUITests-frameworks-${CONFIGURATION}-output-files.xcfilelist",
			);
			runOnlyForDeploymentPostprocessing = 0;
			shellPath = /bin/sh;
			shellScript = "\"${PODS_ROOT}/Target Support Files/Pods-client-register-ios-client-register-iosUITests/Pods-client-register-ios-client-register-iosUITests-frameworks.sh\"\n";
			showEnvVarsInLog = 0;
		};
		B303868E4F3A5683A8CB3D5B /* [CP] Check Pods Manifest.lock */ = {
			isa = PBXShellScriptBuildPhase;
			buildActionMask = 2147483647;
			files = (
			);
			inputFileListPaths = (
			);
			inputPaths = (
				"${PODS_PODFILE_DIR_PATH}/Podfile.lock",
				"${PODS_ROOT}/Manifest.lock",
			);
			name = "[CP] Check Pods Manifest.lock";
			outputFileListPaths = (
			);
			outputPaths = (
				"$(DERIVED_FILE_DIR)/Pods-client-register-ios-checkManifestLockResult.txt",
			);
			runOnlyForDeploymentPostprocessing = 0;
			shellPath = /bin/sh;
			shellScript = "diff \"${PODS_PODFILE_DIR_PATH}/Podfile.lock\" \"${PODS_ROOT}/Manifest.lock\" > /dev/null\nif [ $? != 0 ] ; then\n    # print error to STDERR\n    echo \"error: The sandbox is not in sync with the Podfile.lock. Run 'pod install' or update your CocoaPods installation.\" >&2\n    exit 1\nfi\n# This output is used by Xcode 'outputs' to avoid re-running this script phase.\necho \"SUCCESS\" > \"${SCRIPT_OUTPUT_FILE_0}\"\n";
			showEnvVarsInLog = 0;
		};
		E57AACFD447B0BFD42D64430 /* [CP] Check Pods Manifest.lock */ = {
			isa = PBXShellScriptBuildPhase;
			buildActionMask = 2147483647;
			files = (
			);
			inputFileListPaths = (
			);
			inputPaths = (
				"${PODS_PODFILE_DIR_PATH}/Podfile.lock",
				"${PODS_ROOT}/Manifest.lock",
			);
			name = "[CP] Check Pods Manifest.lock";
			outputFileListPaths = (
			);
			outputPaths = (
				"$(DERIVED_FILE_DIR)/Pods-client-register-iosTests-checkManifestLockResult.txt",
			);
			runOnlyForDeploymentPostprocessing = 0;
			shellPath = /bin/sh;
			shellScript = "diff \"${PODS_PODFILE_DIR_PATH}/Podfile.lock\" \"${PODS_ROOT}/Manifest.lock\" > /dev/null\nif [ $? != 0 ] ; then\n    # print error to STDERR\n    echo \"error: The sandbox is not in sync with the Podfile.lock. Run 'pod install' or update your CocoaPods installation.\" >&2\n    exit 1\nfi\n# This output is used by Xcode 'outputs' to avoid re-running this script phase.\necho \"SUCCESS\" > \"${SCRIPT_OUTPUT_FILE_0}\"\n";
			showEnvVarsInLog = 0;
		};
/* End PBXShellScriptBuildPhase section */

/* Begin PBXSourcesBuildPhase section */
		614C632D26BB4595009BD20D /* Sources */ = {
			isa = PBXSourcesBuildPhase;
			buildActionMask = 2147483647;
			files = (
				614C636B26BB6E0D009BD20D /* LoginViewController.swift in Sources */,
				614C639726BB8CC6009BD20D /* LoginActionable.swift in Sources */,
				61277BD326C2FBBF005203F2 /* FormFieldCell.swift in Sources */,
				61277BF426C38005005203F2 /* NewClient.swift in Sources */,
				61277C0426C381F9005203F2 /* UIColor+hex.swift in Sources */,
				61277BFF26C38155005203F2 /* UIView+applyShadow.swift in Sources */,
				61277BE626C3750C005203F2 /* ClientListViewController.swift in Sources */,
				61277BFD26C380D1005203F2 /* CRTextField.swift in Sources */,
				614C633926BB4595009BD20D /* ViewController.swift in Sources */,
				61277BE826C377F1005203F2 /* ClientListView.swift in Sources */,
				61277BEE26C37F6D005203F2 /* ClientListMappable.swift in Sources */,
				614C633526BB4595009BD20D /* AppDelegate.swift in Sources */,
				61277BFA26C38051005203F2 /* SignUpDelegate.swift in Sources */,
				61277BF226C37FE4005203F2 /* Client.swift in Sources */,
				614C639026BB78B5009BD20D /* Navigatable.swift in Sources */,
				61277BF026C37FB1005203F2 /* SignUp.swift in Sources */,
				61277C0826C38793005203F2 /* UIView+shake.swift in Sources */,
				61277BF826C3803E005203F2 /* FormDelegate.swift in Sources */,
				61277BD826C333DB005203F2 /* SignUpViewController.swift in Sources */,
				61277C0126C381C3005203F2 /* Colors.swift in Sources */,
				614C636D26BB6EF0009BD20D /* LoginView.swift in Sources */,
				61277BDA26C333E8005203F2 /* SignUpView.swift in Sources */,
				61277BEC26C37F38005203F2 /* Dictionary+subscript.swift in Sources */,
				61277C0626C382C1005203F2 /* CRButton.swift in Sources */,
				614C638D26BB77C5009BD20D /* ProgramaticalLayoutable.swift in Sources */,
				614C639526BB796C009BD20D /* FormView.swift in Sources */,
				614C639326BB795D009BD20D /* FormViewController.swift in Sources */,
				61277BDD26C33D49005203F2 /* UIViewController+spinner.swift in Sources */,
				61277BEA26C3787A005203F2 /* ClientCell.swift in Sources */,
				61277BF626C38027005203F2 /* FieldModel.swift in Sources */,
				614C633726BB4595009BD20D /* SceneDelegate.swift in Sources */,
			);
			runOnlyForDeploymentPostprocessing = 0;
		};
		614C634326BB4596009BD20D /* Sources */ = {
			isa = PBXSourcesBuildPhase;
			buildActionMask = 2147483647;
			files = (
				614C634C26BB4596009BD20D /* client_register_iosTests.swift in Sources */,
			);
			runOnlyForDeploymentPostprocessing = 0;
		};
		614C634E26BB4596009BD20D /* Sources */ = {
			isa = PBXSourcesBuildPhase;
			buildActionMask = 2147483647;
			files = (
				614C635726BB4596009BD20D /* client_register_iosUITests.swift in Sources */,
			);
			runOnlyForDeploymentPostprocessing = 0;
		};
/* End PBXSourcesBuildPhase section */

/* Begin PBXTargetDependency section */
		614C634926BB4596009BD20D /* PBXTargetDependency */ = {
			isa = PBXTargetDependency;
			target = 614C633026BB4595009BD20D /* client-register-ios */;
			targetProxy = 614C634826BB4596009BD20D /* PBXContainerItemProxy */;
		};
		614C635426BB4596009BD20D /* PBXTargetDependency */ = {
			isa = PBXTargetDependency;
			target = 614C633026BB4595009BD20D /* client-register-ios */;
			targetProxy = 614C635326BB4596009BD20D /* PBXContainerItemProxy */;
		};
/* End PBXTargetDependency section */

/* Begin PBXVariantGroup section */
		614C633F26BB4596009BD20D /* LaunchScreen.storyboard */ = {
			isa = PBXVariantGroup;
			children = (
				614C634026BB4596009BD20D /* Base */,
			);
			name = LaunchScreen.storyboard;
			sourceTree = "<group>";
		};
/* End PBXVariantGroup section */

/* Begin XCBuildConfiguration section */
		614C635926BB4596009BD20D /* Debug */ = {
			isa = XCBuildConfiguration;
			buildSettings = {
				ALWAYS_SEARCH_USER_PATHS = NO;
				CLANG_ANALYZER_NONNULL = YES;
				CLANG_ANALYZER_NUMBER_OBJECT_CONVERSION = YES_AGGRESSIVE;
				CLANG_CXX_LANGUAGE_STANDARD = "gnu++14";
				CLANG_CXX_LIBRARY = "libc++";
				CLANG_ENABLE_MODULES = YES;
				CLANG_ENABLE_OBJC_ARC = YES;
				CLANG_ENABLE_OBJC_WEAK = YES;
				CLANG_WARN_BLOCK_CAPTURE_AUTORELEASING = YES;
				CLANG_WARN_BOOL_CONVERSION = YES;
				CLANG_WARN_COMMA = YES;
				CLANG_WARN_CONSTANT_CONVERSION = YES;
				CLANG_WARN_DEPRECATED_OBJC_IMPLEMENTATIONS = YES;
				CLANG_WARN_DIRECT_OBJC_ISA_USAGE = YES_ERROR;
				CLANG_WARN_DOCUMENTATION_COMMENTS = YES;
				CLANG_WARN_EMPTY_BODY = YES;
				CLANG_WARN_ENUM_CONVERSION = YES;
				CLANG_WARN_INFINITE_RECURSION = YES;
				CLANG_WARN_INT_CONVERSION = YES;
				CLANG_WARN_NON_LITERAL_NULL_CONVERSION = YES;
				CLANG_WARN_OBJC_IMPLICIT_RETAIN_SELF = YES;
				CLANG_WARN_OBJC_LITERAL_CONVERSION = YES;
				CLANG_WARN_OBJC_ROOT_CLASS = YES_ERROR;
				CLANG_WARN_QUOTED_INCLUDE_IN_FRAMEWORK_HEADER = YES;
				CLANG_WARN_RANGE_LOOP_ANALYSIS = YES;
				CLANG_WARN_STRICT_PROTOTYPES = YES;
				CLANG_WARN_SUSPICIOUS_MOVE = YES;
				CLANG_WARN_UNGUARDED_AVAILABILITY = YES_AGGRESSIVE;
				CLANG_WARN_UNREACHABLE_CODE = YES;
				CLANG_WARN__DUPLICATE_METHOD_MATCH = YES;
				COPY_PHASE_STRIP = NO;
				DEBUG_INFORMATION_FORMAT = dwarf;
				ENABLE_STRICT_OBJC_MSGSEND = YES;
				ENABLE_TESTABILITY = YES;
				GCC_C_LANGUAGE_STANDARD = gnu11;
				GCC_DYNAMIC_NO_PIC = NO;
				GCC_NO_COMMON_BLOCKS = YES;
				GCC_OPTIMIZATION_LEVEL = 0;
				GCC_PREPROCESSOR_DEFINITIONS = (
					"DEBUG=1",
					"$(inherited)",
				);
				GCC_WARN_64_TO_32_BIT_CONVERSION = YES;
				GCC_WARN_ABOUT_RETURN_TYPE = YES_ERROR;
				GCC_WARN_UNDECLARED_SELECTOR = YES;
				GCC_WARN_UNINITIALIZED_AUTOS = YES_AGGRESSIVE;
				GCC_WARN_UNUSED_FUNCTION = YES;
				GCC_WARN_UNUSED_VARIABLE = YES;
				IPHONEOS_DEPLOYMENT_TARGET = 14.5;
				MTL_ENABLE_DEBUG_INFO = INCLUDE_SOURCE;
				MTL_FAST_MATH = YES;
				ONLY_ACTIVE_ARCH = YES;
				SDKROOT = iphoneos;
				SWIFT_ACTIVE_COMPILATION_CONDITIONS = DEBUG;
				SWIFT_OPTIMIZATION_LEVEL = "-Onone";
			};
			name = Debug;
		};
		614C635A26BB4596009BD20D /* Release */ = {
			isa = XCBuildConfiguration;
			buildSettings = {
				ALWAYS_SEARCH_USER_PATHS = NO;
				CLANG_ANALYZER_NONNULL = YES;
				CLANG_ANALYZER_NUMBER_OBJECT_CONVERSION = YES_AGGRESSIVE;
				CLANG_CXX_LANGUAGE_STANDARD = "gnu++14";
				CLANG_CXX_LIBRARY = "libc++";
				CLANG_ENABLE_MODULES = YES;
				CLANG_ENABLE_OBJC_ARC = YES;
				CLANG_ENABLE_OBJC_WEAK = YES;
				CLANG_WARN_BLOCK_CAPTURE_AUTORELEASING = YES;
				CLANG_WARN_BOOL_CONVERSION = YES;
				CLANG_WARN_COMMA = YES;
				CLANG_WARN_CONSTANT_CONVERSION = YES;
				CLANG_WARN_DEPRECATED_OBJC_IMPLEMENTATIONS = YES;
				CLANG_WARN_DIRECT_OBJC_ISA_USAGE = YES_ERROR;
				CLANG_WARN_DOCUMENTATION_COMMENTS = YES;
				CLANG_WARN_EMPTY_BODY = YES;
				CLANG_WARN_ENUM_CONVERSION = YES;
				CLANG_WARN_INFINITE_RECURSION = YES;
				CLANG_WARN_INT_CONVERSION = YES;
				CLANG_WARN_NON_LITERAL_NULL_CONVERSION = YES;
				CLANG_WARN_OBJC_IMPLICIT_RETAIN_SELF = YES;
				CLANG_WARN_OBJC_LITERAL_CONVERSION = YES;
				CLANG_WARN_OBJC_ROOT_CLASS = YES_ERROR;
				CLANG_WARN_QUOTED_INCLUDE_IN_FRAMEWORK_HEADER = YES;
				CLANG_WARN_RANGE_LOOP_ANALYSIS = YES;
				CLANG_WARN_STRICT_PROTOTYPES = YES;
				CLANG_WARN_SUSPICIOUS_MOVE = YES;
				CLANG_WARN_UNGUARDED_AVAILABILITY = YES_AGGRESSIVE;
				CLANG_WARN_UNREACHABLE_CODE = YES;
				CLANG_WARN__DUPLICATE_METHOD_MATCH = YES;
				COPY_PHASE_STRIP = NO;
				DEBUG_INFORMATION_FORMAT = "dwarf-with-dsym";
				ENABLE_NS_ASSERTIONS = NO;
				ENABLE_STRICT_OBJC_MSGSEND = YES;
				GCC_C_LANGUAGE_STANDARD = gnu11;
				GCC_NO_COMMON_BLOCKS = YES;
				GCC_WARN_64_TO_32_BIT_CONVERSION = YES;
				GCC_WARN_ABOUT_RETURN_TYPE = YES_ERROR;
				GCC_WARN_UNDECLARED_SELECTOR = YES;
				GCC_WARN_UNINITIALIZED_AUTOS = YES_AGGRESSIVE;
				GCC_WARN_UNUSED_FUNCTION = YES;
				GCC_WARN_UNUSED_VARIABLE = YES;
				IPHONEOS_DEPLOYMENT_TARGET = 14.5;
				MTL_ENABLE_DEBUG_INFO = NO;
				MTL_FAST_MATH = YES;
				SDKROOT = iphoneos;
				SWIFT_COMPILATION_MODE = wholemodule;
				SWIFT_OPTIMIZATION_LEVEL = "-O";
				VALIDATE_PRODUCT = YES;
			};
			name = Release;
		};
		614C635C26BB4596009BD20D /* Debug */ = {
			isa = XCBuildConfiguration;
			baseConfigurationReference = 0E2C7E0C0FD8E9B76BB1C9CF /* Pods-client-register-ios.debug.xcconfig */;
			buildSettings = {
				ASSETCATALOG_COMPILER_APPICON_NAME = AppIcon;
				ASSETCATALOG_COMPILER_GLOBAL_ACCENT_COLOR_NAME = AccentColor;
				CODE_SIGN_STYLE = Automatic;
				INFOPLIST_FILE = "client-register-ios/Info.plist";
				IPHONEOS_DEPLOYMENT_TARGET = 13.0;
				LD_RUNPATH_SEARCH_PATHS = (
					"$(inherited)",
					"@executable_path/Frameworks",
				);
				PRODUCT_BUNDLE_IDENTIFIER = "com.example.client-register-ios";
				PRODUCT_NAME = "$(TARGET_NAME)";
				SWIFT_VERSION = 5.0;
				TARGETED_DEVICE_FAMILY = 1;
			};
			name = Debug;
		};
		614C635D26BB4596009BD20D /* Release */ = {
			isa = XCBuildConfiguration;
			baseConfigurationReference = F7A6EE2E75E1BFD2DD174FE8 /* Pods-client-register-ios.release.xcconfig */;
			buildSettings = {
				ASSETCATALOG_COMPILER_APPICON_NAME = AppIcon;
				ASSETCATALOG_COMPILER_GLOBAL_ACCENT_COLOR_NAME = AccentColor;
				CODE_SIGN_STYLE = Automatic;
				INFOPLIST_FILE = "client-register-ios/Info.plist";
				IPHONEOS_DEPLOYMENT_TARGET = 13.0;
				LD_RUNPATH_SEARCH_PATHS = (
					"$(inherited)",
					"@executable_path/Frameworks",
				);
				PRODUCT_BUNDLE_IDENTIFIER = "com.example.client-register-ios";
				PRODUCT_NAME = "$(TARGET_NAME)";
				SWIFT_VERSION = 5.0;
				TARGETED_DEVICE_FAMILY = 1;
			};
			name = Release;
		};
		614C635F26BB4596009BD20D /* Debug */ = {
			isa = XCBuildConfiguration;
			baseConfigurationReference = 908A9E0AD7C571C956068D34 /* Pods-client-register-iosTests.debug.xcconfig */;
			buildSettings = {
				ALWAYS_EMBED_SWIFT_STANDARD_LIBRARIES = YES;
				BUNDLE_LOADER = "$(TEST_HOST)";
				CODE_SIGN_STYLE = Automatic;
				INFOPLIST_FILE = "client-register-iosTests/Info.plist";
				IPHONEOS_DEPLOYMENT_TARGET = 14.5;
				LD_RUNPATH_SEARCH_PATHS = (
					"$(inherited)",
					"@executable_path/Frameworks",
					"@loader_path/Frameworks",
				);
				PRODUCT_BUNDLE_IDENTIFIER = "com.example.client-register-iosTests";
				PRODUCT_NAME = "$(TARGET_NAME)";
				SWIFT_VERSION = 5.0;
				TARGETED_DEVICE_FAMILY = "1,2";
				TEST_HOST = "$(BUILT_PRODUCTS_DIR)/client-register-ios.app/client-register-ios";
			};
			name = Debug;
		};
		614C636026BB4596009BD20D /* Release */ = {
			isa = XCBuildConfiguration;
			baseConfigurationReference = 22F4CD1888E9020E9F57198A /* Pods-client-register-iosTests.release.xcconfig */;
			buildSettings = {
				ALWAYS_EMBED_SWIFT_STANDARD_LIBRARIES = YES;
				BUNDLE_LOADER = "$(TEST_HOST)";
				CODE_SIGN_STYLE = Automatic;
				INFOPLIST_FILE = "client-register-iosTests/Info.plist";
				IPHONEOS_DEPLOYMENT_TARGET = 14.5;
				LD_RUNPATH_SEARCH_PATHS = (
					"$(inherited)",
					"@executable_path/Frameworks",
					"@loader_path/Frameworks",
				);
				PRODUCT_BUNDLE_IDENTIFIER = "com.example.client-register-iosTests";
				PRODUCT_NAME = "$(TARGET_NAME)";
				SWIFT_VERSION = 5.0;
				TARGETED_DEVICE_FAMILY = "1,2";
				TEST_HOST = "$(BUILT_PRODUCTS_DIR)/client-register-ios.app/client-register-ios";
			};
			name = Release;
		};
		614C636226BB4596009BD20D /* Debug */ = {
			isa = XCBuildConfiguration;
			baseConfigurationReference = 491125AA3A5F20B8F588B125 /* Pods-client-register-ios-client-register-iosUITests.debug.xcconfig */;
			buildSettings = {
				ALWAYS_EMBED_SWIFT_STANDARD_LIBRARIES = YES;
				CODE_SIGN_STYLE = Automatic;
				INFOPLIST_FILE = "client-register-iosUITests/Info.plist";
				LD_RUNPATH_SEARCH_PATHS = (
					"$(inherited)",
					"@executable_path/Frameworks",
					"@loader_path/Frameworks",
				);
				PRODUCT_BUNDLE_IDENTIFIER = "com.example.client-register-iosUITests";
				PRODUCT_NAME = "$(TARGET_NAME)";
				SWIFT_VERSION = 5.0;
				TARGETED_DEVICE_FAMILY = "1,2";
				TEST_TARGET_NAME = "client-register-ios";
			};
			name = Debug;
		};
		614C636326BB4596009BD20D /* Release */ = {
			isa = XCBuildConfiguration;
			baseConfigurationReference = 589F674930EB16832796017A /* Pods-client-register-ios-client-register-iosUITests.release.xcconfig */;
			buildSettings = {
				ALWAYS_EMBED_SWIFT_STANDARD_LIBRARIES = YES;
				CODE_SIGN_STYLE = Automatic;
				INFOPLIST_FILE = "client-register-iosUITests/Info.plist";
				LD_RUNPATH_SEARCH_PATHS = (
					"$(inherited)",
					"@executable_path/Frameworks",
					"@loader_path/Frameworks",
				);
				PRODUCT_BUNDLE_IDENTIFIER = "com.example.client-register-iosUITests";
				PRODUCT_NAME = "$(TARGET_NAME)";
				SWIFT_VERSION = 5.0;
				TARGETED_DEVICE_FAMILY = "1,2";
				TEST_TARGET_NAME = "client-register-ios";
			};
			name = Release;
		};
/* End XCBuildConfiguration section */

/* Begin XCConfigurationList section */
		614C632C26BB4595009BD20D /* Build configuration list for PBXProject "client-register-ios" */ = {
			isa = XCConfigurationList;
			buildConfigurations = (
				614C635926BB4596009BD20D /* Debug */,
				614C635A26BB4596009BD20D /* Release */,
			);
			defaultConfigurationIsVisible = 0;
			defaultConfigurationName = Release;
		};
		614C635B26BB4596009BD20D /* Build configuration list for PBXNativeTarget "client-register-ios" */ = {
			isa = XCConfigurationList;
			buildConfigurations = (
				614C635C26BB4596009BD20D /* Debug */,
				614C635D26BB4596009BD20D /* Release */,
			);
			defaultConfigurationIsVisible = 0;
			defaultConfigurationName = Release;
		};
		614C635E26BB4596009BD20D /* Build configuration list for PBXNativeTarget "client-register-iosTests" */ = {
			isa = XCConfigurationList;
			buildConfigurations = (
				614C635F26BB4596009BD20D /* Debug */,
				614C636026BB4596009BD20D /* Release */,
			);
			defaultConfigurationIsVisible = 0;
			defaultConfigurationName = Release;
		};
		614C636126BB4596009BD20D /* Build configuration list for PBXNativeTarget "client-register-iosUITests" */ = {
			isa = XCConfigurationList;
			buildConfigurations = (
				614C636226BB4596009BD20D /* Debug */,
				614C636326BB4596009BD20D /* Release */,
			);
			defaultConfigurationIsVisible = 0;
			defaultConfigurationName = Release;
		};
/* End XCConfigurationList section */
	};
	rootObject = 614C632926BB4595009BD20D /* Project object */;
}
